Microsoft Visual Studio Solution File, Format Version 12.00
# Visual Studio Version 17
VisualStudioVersion = 17.5.2.0
MinimumVisualStudioVersion = 10.0.40219.1
Project("{FAE04EC0-301F-11D3-BF4B-00C04F79EFBC}") = "lab-8-project-euler-SoL3209", "lab-8-project-euler-SoL3209.csproj", "{4E8913F5-FBCD-A9E5-174D-3C4B0DF85DC7}"
EndProject
Global
	GlobalSection(SolutionConfigurationPlatforms) = preSolution
		Debug|Any CPU = Debug|Any CPU
		Release|Any CPU = Release|Any CPU
	EndGlobalSection
	GlobalSection(ProjectConfigurationPlatforms) = postSolution
		{4E8913F5-FBCD-A9E5-174D-3C4B0DF85DC7}.Debug|Any CPU.ActiveCfg = Debug|Any CPU
		{4E8913F5-FBCD-A9E5-174D-3C4B0DF85DC7}.Debug|Any CPU.Build.0 = Debug|Any CPU
		{4E8913F5-FBCD-A9E5-174D-3C4B0DF85DC7}.Release|Any CPU.ActiveCfg = Release|Any CPU
		{4E8913F5-FBCD-A9E5-174D-3C4B0DF85DC7}.Release|Any CPU.Build.0 = Release|Any CPU
	EndGlobalSection
	GlobalSection(SolutionProperties) = preSolution
		HideSolutionNode = FALSE
	EndGlobalSection
	GlobalSection(ExtensibilityGlobals) = postSolution
		SolutionGuid = {59530209-E142-4490-90C0-C301FBE9B34B}
	EndGlobalSection
EndGlobal
